
Microsoft Visual Studio Solution File, Format Version 12.00
# Visual Studio Version 17
VisualStudioVersion = 17.5.33103.201
MinimumVisualStudioVersion = 10.0.40219.1
Project("{9A19103F-16F7-4668-BE54-9A1E7A4F7556}") = "Basics1.HelloWorld", "Basics1.HelloWorld\Basics1.HelloWorld.csproj", "{2E7C89F6-8CCC-4686-A019-3709F53DE55C}"
EndProject
Project("{9A19103F-16F7-4668-BE54-9A1E7A4F7556}") = "Relation.Aggregation", "Relation.Aggregation\Relation.Aggregation.csproj", "{A7FDBCD0-D3B5-4DF1-8BA1-9E698E6E14FC}"
EndProject
Project("{2150E333-8FDC-42A3-9474-1A3956D46DE8}") = "01 Basics", "01 Basics", "{19F45C68-A017-474A-A434-157D8B9FCEC4}"
EndProject
Project("{2150E333-8FDC-42A3-9474-1A3956D46DE8}") = "02 ObjectOrientation", "02 ObjectOrientation", "{4B1E6EA4-159B-4A49-AB08-77BC6A5B30F4}"
EndProject
Project("{9A19103F-16F7-4668-BE54-9A1E7A4F7556}") = "Basics2.Conditionals", "Basics2.Conditionals\Basics2.Conditionals.csproj", "{1428C684-ACD8-47F4-97CB-F2C4867032CB}"
EndProject
Project("{9A19103F-16F7-4668-BE54-9A1E7A4F7556}") = "Basics3.ForLoop", "Basics3.ForLoop\Basics3.ForLoop.csproj", "{2FB83695-E855-475E-A7FA-4A0BBE088549}"
EndProject
Project("{9A19103F-16F7-4668-BE54-9A1E7A4F7556}") = "Basics4.DoLoop", "Basics4.DoLoop\Basics4.DoLoop.csproj", "{C7C76172-EF9B-4BD3-A394-BAED8F9BF6DD}"
EndProject
Project("{9A19103F-16F7-4668-BE54-9A1E7A4F7556}") = "Basics5.WhileLoop", "Basics5.WhileLoop\Basics5.WhileLoop.csproj", "{DC3FE471-7D04-412B-A510-4101C2E9CF16}"
EndProject
Project("{9A19103F-16F7-4668-BE54-9A1E7A4F7556}") = "Basics6.Array", "Basics6.Array\Basics6.Array.csproj", "{894E379B-FC18-49E2-BF5E-43BA9F6BC41A}"
EndProject
Project("{9A19103F-16F7-4668-BE54-9A1E7A4F7556}") = "Basics7.Zahlenraten", "Basics7.Zahlenraten\Basics7.Zahlenraten.csproj", "{42A94207-5690-487E-BB64-2755D45123A9}"
EndProject
Project("{9A19103F-16F7-4668-BE54-9A1E7A4F7556}") = "Basics9.NullableTypes", "Basics9.NullableTypes\Basics9.NullableTypes.csproj", "{45C33817-731E-4B53-91BD-18B9F0CB64C3}"
EndProject
Project("{9A19103F-16F7-4668-BE54-9A1E7A4F7556}") = "Basics10.Parameters", "Basics10.Parameters\Basics10.Parameters.csproj", "{C9D9A179-0782-42E2-94E2-FB3C3113BBF1}"
EndProject
Project("{9A19103F-16F7-4668-BE54-9A1E7A4F7556}") = "Pattern.Strategy", "Pattern.Strategy\Pattern.Strategy.csproj", "{53CDF4CA-64F5-4CAB-A7C8-95790D93FA16}"
EndProject
Project("{9A19103F-16F7-4668-BE54-9A1E7A4F7556}") = "Pattern.State", "Pattern.State\Pattern.State.csproj", "{0FD38364-0D38-48E1-95F2-7B118385BE53}"
EndProject
Project("{2150E333-8FDC-42A3-9474-1A3956D46DE8}") = "Windows.Apps", "Windows.Apps", "{79E996A2-B80D-4DDD-8C98-92C99C1662BD}"
EndProject
Project("{FAE04EC0-301F-11D3-BF4B-00C04F79EFBC}") = "Calculator.Windows", "Calculator.Windows\Calculator.Windows.csproj", "{743C5523-2B28-4343-80EB-12A3C0E0A1E9}"
EndProject
Global
	GlobalSection(SolutionConfigurationPlatforms) = preSolution
		Debug|Any CPU = Debug|Any CPU
		Release|Any CPU = Release|Any CPU
	EndGlobalSection
	GlobalSection(ProjectConfigurationPlatforms) = postSolution
		{2E7C89F6-8CCC-4686-A019-3709F53DE55C}.Debug|Any CPU.ActiveCfg = Debug|Any CPU
		{2E7C89F6-8CCC-4686-A019-3709F53DE55C}.Debug|Any CPU.Build.0 = Debug|Any CPU
		{2E7C89F6-8CCC-4686-A019-3709F53DE55C}.Release|Any CPU.ActiveCfg = Release|Any CPU
		{2E7C89F6-8CCC-4686-A019-3709F53DE55C}.Release|Any CPU.Build.0 = Release|Any CPU
		{A7FDBCD0-D3B5-4DF1-8BA1-9E698E6E14FC}.Debug|Any CPU.ActiveCfg = Debug|Any CPU
		{A7FDBCD0-D3B5-4DF1-8BA1-9E698E6E14FC}.Debug|Any CPU.Build.0 = Debug|Any CPU
		{A7FDBCD0-D3B5-4DF1-8BA1-9E698E6E14FC}.Release|Any CPU.ActiveCfg = Release|Any CPU
		{A7FDBCD0-D3B5-4DF1-8BA1-9E698E6E14FC}.Release|Any CPU.Build.0 = Release|Any CPU
		{1428C684-ACD8-47F4-97CB-F2C4867032CB}.Debug|Any CPU.ActiveCfg = Debug|Any CPU
		{1428C684-ACD8-47F4-97CB-F2C4867032CB}.Debug|Any CPU.Build.0 = Debug|Any CPU
		{1428C684-ACD8-47F4-97CB-F2C4867032CB}.Release|Any CPU.ActiveCfg = Release|Any CPU
		{1428C684-ACD8-47F4-97CB-F2C4867032CB}.Release|Any CPU.Build.0 = Release|Any CPU
		{2FB83695-E855-475E-A7FA-4A0BBE088549}.Debug|Any CPU.ActiveCfg = Debug|Any CPU
		{2FB83695-E855-475E-A7FA-4A0BBE088549}.Debug|Any CPU.Build.0 = Debug|Any CPU
		{2FB83695-E855-475E-A7FA-4A0BBE088549}.Release|Any CPU.ActiveCfg = Release|Any CPU
		{2FB83695-E855-475E-A7FA-4A0BBE088549}.Release|Any CPU.Build.0 = Release|Any CPU
		{C7C76172-EF9B-4BD3-A394-BAED8F9BF6DD}.Debug|Any CPU.ActiveCfg = Debug|Any CPU
		{C7C76172-EF9B-4BD3-A394-BAED8F9BF6DD}.Debug|Any CPU.Build.0 = Debug|Any CPU
		{C7C76172-EF9B-4BD3-A394-BAED8F9BF6DD}.Release|Any CPU.ActiveCfg = Release|Any CPU
		{C7C76172-EF9B-4BD3-A394-BAED8F9BF6DD}.Release|Any CPU.Build.0 = Release|Any CPU
		{DC3FE471-7D04-412B-A510-4101C2E9CF16}.Debug|Any CPU.ActiveCfg = Debug|Any CPU
		{DC3FE471-7D04-412B-A510-4101C2E9CF16}.Debug|Any CPU.Build.0 = Debug|Any CPU
		{DC3FE471-7D04-412B-A510-4101C2E9CF16}.Release|Any CPU.ActiveCfg = Release|Any CPU
		{DC3FE471-7D04-412B-A510-4101C2E9CF16}.Release|Any CPU.Build.0 = Release|Any CPU
		{894E379B-FC18-49E2-BF5E-43BA9F6BC41A}.Debug|Any CPU.ActiveCfg = Debug|Any CPU
		{894E379B-FC18-49E2-BF5E-43BA9F6BC41A}.Debug|Any CPU.Build.0 = Debug|Any CPU
		{894E379B-FC18-49E2-BF5E-43BA9F6BC41A}.Release|Any CPU.ActiveCfg = Release|Any CPU
		{894E379B-FC18-49E2-BF5E-43BA9F6BC41A}.Release|Any CPU.Build.0 = Release|Any CPU
		{42A94207-5690-487E-BB64-2755D45123A9}.Debug|Any CPU.ActiveCfg = Debug|Any CPU
		{42A94207-5690-487E-BB64-2755D45123A9}.Debug|Any CPU.Build.0 = Debug|Any CPU
		{42A94207-5690-487E-BB64-2755D45123A9}.Release|Any CPU.ActiveCfg = Release|Any CPU
		{42A94207-5690-487E-BB64-2755D45123A9}.Release|Any CPU.Build.0 = Release|Any CPU
		{45C33817-731E-4B53-91BD-18B9F0CB64C3}.Debug|Any CPU.ActiveCfg = Debug|Any CPU
		{45C33817-731E-4B53-91BD-18B9F0CB64C3}.Debug|Any CPU.Build.0 = Debug|Any CPU
		{45C33817-731E-4B53-91BD-18B9F0CB64C3}.Release|Any CPU.ActiveCfg = Release|Any CPU
		{45C33817-731E-4B53-91BD-18B9F0CB64C3}.Release|Any CPU.Build.0 = Release|Any CPU
		{C9D9A179-0782-42E2-94E2-FB3C3113BBF1}.Debug|Any CPU.ActiveCfg = Debug|Any CPU
		{C9D9A179-0782-42E2-94E2-FB3C3113BBF1}.Debug|Any CPU.Build.0 = Debug|Any CPU
		{C9D9A179-0782-42E2-94E2-FB3C3113BBF1}.Release|Any CPU.ActiveCfg = Release|Any CPU
		{C9D9A179-0782-42E2-94E2-FB3C3113BBF1}.Release|Any CPU.Build.0 = Release|Any CPU
		{53CDF4CA-64F5-4CAB-A7C8-95790D93FA16}.Debug|Any CPU.ActiveCfg = Debug|Any CPU
		{53CDF4CA-64F5-4CAB-A7C8-95790D93FA16}.Debug|Any CPU.Build.0 = Debug|Any CPU
		{53CDF4CA-64F5-4CAB-A7C8-95790D93FA16}.Release|Any CPU.ActiveCfg = Release|Any CPU
		{53CDF4CA-64F5-4CAB-A7C8-95790D93FA16}.Release|Any CPU.Build.0 = Release|Any CPU
		{0FD38364-0D38-48E1-95F2-7B118385BE53}.Debug|Any CPU.ActiveCfg = Debug|Any CPU
		{0FD38364-0D38-48E1-95F2-7B118385BE53}.Debug|Any CPU.Build.0 = Debug|Any CPU
		{0FD38364-0D38-48E1-95F2-7B118385BE53}.Release|Any CPU.ActiveCfg = Release|Any CPU
		{0FD38364-0D38-48E1-95F2-7B118385BE53}.Release|Any CPU.Build.0 = Release|Any CPU
		{743C5523-2B28-4343-80EB-12A3C0E0A1E9}.Debug|Any CPU.ActiveCfg = Debug|Any CPU
		{743C5523-2B28-4343-80EB-12A3C0E0A1E9}.Debug|Any CPU.Build.0 = Debug|Any CPU
		{743C5523-2B28-4343-80EB-12A3C0E0A1E9}.Release|Any CPU.ActiveCfg = Release|Any CPU
		{743C5523-2B28-4343-80EB-12A3C0E0A1E9}.Release|Any CPU.Build.0 = Release|Any CPU
	EndGlobalSection
	GlobalSection(SolutionProperties) = preSolution
		HideSolutionNode = FALSE
	EndGlobalSection
	GlobalSection(NestedProjects) = preSolution
		{2E7C89F6-8CCC-4686-A019-3709F53DE55C} = {19F45C68-A017-474A-A434-157D8B9FCEC4}
		{A7FDBCD0-D3B5-4DF1-8BA1-9E698E6E14FC} = {4B1E6EA4-159B-4A49-AB08-77BC6A5B30F4}
		{1428C684-ACD8-47F4-97CB-F2C4867032CB} = {19F45C68-A017-474A-A434-157D8B9FCEC4}
		{2FB83695-E855-475E-A7FA-4A0BBE088549} = {19F45C68-A017-474A-A434-157D8B9FCEC4}
		{C7C76172-EF9B-4BD3-A394-BAED8F9BF6DD} = {19F45C68-A017-474A-A434-157D8B9FCEC4}
		{DC3FE471-7D04-412B-A510-4101C2E9CF16} = {19F45C68-A017-474A-A434-157D8B9FCEC4}
		{894E379B-FC18-49E2-BF5E-43BA9F6BC41A} = {19F45C68-A017-474A-A434-157D8B9FCEC4}
		{42A94207-5690-487E-BB64-2755D45123A9} = {19F45C68-A017-474A-A434-157D8B9FCEC4}
		{45C33817-731E-4B53-91BD-18B9F0CB64C3} = {19F45C68-A017-474A-A434-157D8B9FCEC4}
		{C9D9A179-0782-42E2-94E2-FB3C3113BBF1} = {19F45C68-A017-474A-A434-157D8B9FCEC4}
		{53CDF4CA-64F5-4CAB-A7C8-95790D93FA16} = {4B1E6EA4-159B-4A49-AB08-77BC6A5B30F4}
		{0FD38364-0D38-48E1-95F2-7B118385BE53} = {4B1E6EA4-159B-4A49-AB08-77BC6A5B30F4}
		{743C5523-2B28-4343-80EB-12A3C0E0A1E9} = {79E996A2-B80D-4DDD-8C98-92C99C1662BD}
	EndGlobalSection
EndGlobal
